
Microsoft Visual Studio Solution File, Format Version 12.00
# Visual Studio 2012
Project("{FAE04EC0-301F-11D3-BF4B-00C04F79EFBC}") = "SoundModemUI", "SoundModemUI\SoundModemUI.csproj", "{2F47C830-4785-4E16-A1AD-4077FE17AB09}"
EndProject
Project("{FAE04EC0-301F-11D3-BF4B-00C04F79EFBC}") = "SoundModem.Model", "SoundModem.Model\SoundModem.Model.csproj", "{D0F28B23-F03E-4E58-B03D-2E9DFC22D902}"
EndProject
Project("{FAE04EC0-301F-11D3-BF4B-00C04F79EFBC}") = "SoundModem.Base", "SoundModem.Base\SoundModem.Base.csproj", "{4E35CFDD-9F05-4742-BCB1-A22A441B9545}"
EndProject
Global
	GlobalSection(SolutionConfigurationPlatforms) = preSolution
		Debug|Any CPU = Debug|Any CPU
		Release|Any CPU = Release|Any CPU
	EndGlobalSection
	GlobalSection(ProjectConfigurationPlatforms) = postSolution
		{2F47C830-4785-4E16-A1AD-4077FE17AB09}.Debug|Any CPU.ActiveCfg = Debug|Any CPU
		{2F47C830-4785-4E16-A1AD-4077FE17AB09}.Debug|Any CPU.Build.0 = Debug|Any CPU
		{2F47C830-4785-4E16-A1AD-4077FE17AB09}.Release|Any CPU.ActiveCfg = Release|Any CPU
		{2F47C830-4785-4E16-A1AD-4077FE17AB09}.Release|Any CPU.Build.0 = Release|Any CPU
		{D0F28B23-F03E-4E58-B03D-2E9DFC22D902}.Debug|Any CPU.ActiveCfg = Debug|Any CPU
		{D0F28B23-F03E-4E58-B03D-2E9DFC22D902}.Debug|Any CPU.Build.0 = Debug|Any CPU
		{D0F28B23-F03E-4E58-B03D-2E9DFC22D902}.Release|Any CPU.ActiveCfg = Release|Any CPU
		{D0F28B23-F03E-4E58-B03D-2E9DFC22D902}.Release|Any CPU.Build.0 = Release|Any CPU
		{4E35CFDD-9F05-4742-BCB1-A22A441B9545}.Debug|Any CPU.ActiveCfg = Debug|Any CPU
		{4E35CFDD-9F05-4742-BCB1-A22A441B9545}.Debug|Any CPU.Build.0 = Debug|Any CPU
		{4E35CFDD-9F05-4742-BCB1-A22A441B9545}.Release|Any CPU.ActiveCfg = Release|Any CPU
		{4E35CFDD-9F05-4742-BCB1-A22A441B9545}.Release|Any CPU.Build.0 = Release|Any CPU
	EndGlobalSection
	GlobalSection(SolutionProperties) = preSolution
		HideSolutionNode = FALSE
	EndGlobalSection
EndGlobal
